
Microsoft Visual Studio Solution File, Format Version 12.00
# Visual Studio Version 16
VisualStudioVersion = 16.0.30104.148
MinimumVisualStudioVersion = 10.0.40219.1
Project("{FAE04EC0-301F-11D3-BF4B-00C04F79EFBC}") = "XmlUploading", "XmlUploading\XmlUploading.csproj", "{1D385777-6070-42D9-8C28-C96E631E6B97}"
EndProject
Global
	GlobalSection(SolutionConfigurationPlatforms) = preSolution
		Debug|Any CPU = Debug|Any CPU
		Release|Any CPU = Release|Any CPU
	EndGlobalSection
	GlobalSection(ProjectConfigurationPlatforms) = postSolution
		{1D385777-6070-42D9-8C28-C96E631E6B97}.Debug|Any CPU.ActiveCfg = Debug|Any CPU
		{1D385777-6070-42D9-8C28-C96E631E6B97}.Debug|Any CPU.Build.0 = Debug|Any CPU
		{1D385777-6070-42D9-8C28-C96E631E6B97}.Release|Any CPU.ActiveCfg = Release|Any CPU
		{1D385777-6070-42D9-8C28-C96E631E6B97}.Release|Any CPU.Build.0 = Release|Any CPU
	EndGlobalSection
	GlobalSection(SolutionProperties) = preSolution
		HideSolutionNode = FALSE
	EndGlobalSection
	GlobalSection(ExtensibilityGlobals) = postSolution
		SolutionGuid = {88FDA41E-8024-47B3-A837-C48A1F96647D}
	EndGlobalSection
EndGlobal
